// !$*UTF8*$!
{
	archiveVersion = 1;
	classes = {
	};
	objectVersion = 56;
	objects = {

/* Begin PBXBuildFile section */
		55D5D2782C87B36A00588436 /* AppDelegate.swift in Sources */ = {isa = PBXBuildFile; fileRef = 55D5D2772C87B36A00588436 /* AppDelegate.swift */; };
		55D5D27A2C87B36A00588436 /* SceneDelegate.swift in Sources */ = {isa = PBXBuildFile; fileRef = 55D5D2792C87B36A00588436 /* SceneDelegate.swift */; };
		55D5D27C2C87B36A00588436 /* RMTabBarController.swift in Sources */ = {isa = PBXBuildFile; fileRef = 55D5D27B2C87B36A00588436 /* RMTabBarController.swift */; };
		55D5D2812C87B36B00588436 /* Assets.xcassets in Resources */ = {isa = PBXBuildFile; fileRef = 55D5D2802C87B36B00588436 /* Assets.xcassets */; };
		55D5D2842C87B36B00588436 /* Base in Resources */ = {isa = PBXBuildFile; fileRef = 55D5D2832C87B36B00588436 /* Base */; };
		55D5D2932C87B78300588436 /* RMLocation.swift in Sources */ = {isa = PBXBuildFile; fileRef = 55D5D2922C87B78300588436 /* RMLocation.swift */; };
		55D5D2952C87B79800588436 /* RMCharacter.swift in Sources */ = {isa = PBXBuildFile; fileRef = 55D5D2942C87B79800588436 /* RMCharacter.swift */; };
		55D5D2972C87B7B300588436 /* RMEpisode.swift in Sources */ = {isa = PBXBuildFile; fileRef = 55D5D2962C87B7B300588436 /* RMEpisode.swift */; };
		55D5D29A2C87B87B00588436 /* RMCharacterViewController.swift in Sources */ = {isa = PBXBuildFile; fileRef = 55D5D2992C87B87B00588436 /* RMCharacterViewController.swift */; };
		55D5D29D2C87B8B500588436 /* RMLocationViewController.swift in Sources */ = {isa = PBXBuildFile; fileRef = 55D5D29C2C87B8B500588436 /* RMLocationViewController.swift */; };
		55D5D29F2C87B8CC00588436 /* RMEpisodeViewController.swift in Sources */ = {isa = PBXBuildFile; fileRef = 55D5D29E2C87B8CC00588436 /* RMEpisodeViewController.swift */; };
		55D5D2A22C88F69E00588436 /* RMSettingsViewController.swift in Sources */ = {isa = PBXBuildFile; fileRef = 55D5D2A12C88F69E00588436 /* RMSettingsViewController.swift */; };
		55FDEE102CA1C27D00CA8C86 /* RMService.swift in Sources */ = {isa = PBXBuildFile; fileRef = 55FDEE0F2CA1C27D00CA8C86 /* RMService.swift */; };
		55FDEE122CA1C2A200CA8C86 /* RMRequest.swift in Sources */ = {isa = PBXBuildFile; fileRef = 55FDEE112CA1C2A200CA8C86 /* RMRequest.swift */; };
		55FDEE142CA1C3B000CA8C86 /* EMEndpoint.swift in Sources */ = {isa = PBXBuildFile; fileRef = 55FDEE132CA1C3B000CA8C86 /* EMEndpoint.swift */; };
/* End PBXBuildFile section */

/* Begin PBXFileReference section */
		55D5D2742C87B36A00588436 /* RickAndMorty.app */ = {isa = PBXFileReference; explicitFileType = wrapper.application; includeInIndex = 0; path = RickAndMorty.app; sourceTree = BUILT_PRODUCTS_DIR; };
		55D5D2772C87B36A00588436 /* AppDelegate.swift */ = {isa = PBXFileReference; lastKnownFileType = sourcecode.swift; path = AppDelegate.swift; sourceTree = "<group>"; };
		55D5D2792C87B36A00588436 /* SceneDelegate.swift */ = {isa = PBXFileReference; lastKnownFileType = sourcecode.swift; path = SceneDelegate.swift; sourceTree = "<group>"; };
		55D5D27B2C87B36A00588436 /* RMTabBarController.swift */ = {isa = PBXFileReference; lastKnownFileType = sourcecode.swift; path = RMTabBarController.swift; sourceTree = "<group>"; };
		55D5D2802C87B36B00588436 /* Assets.xcassets */ = {isa = PBXFileReference; lastKnownFileType = folder.assetcatalog; path = Assets.xcassets; sourceTree = "<group>"; };
		55D5D2832C87B36B00588436 /* Base */ = {isa = PBXFileReference; lastKnownFileType = file.storyboard; name = Base; path = Base.lproj/LaunchScreen.storyboard; sourceTree = "<group>"; };
		55D5D2852C87B36B00588436 /* Info.plist */ = {isa = PBXFileReference; lastKnownFileType = text.plist.xml; path = Info.plist; sourceTree = "<group>"; };
		55D5D2922C87B78300588436 /* RMLocation.swift */ = {isa = PBXFileReference; lastKnownFileType = sourcecode.swift; path = RMLocation.swift; sourceTree = "<group>"; };
		55D5D2942C87B79800588436 /* RMCharacter.swift */ = {isa = PBXFileReference; lastKnownFileType = sourcecode.swift; path = RMCharacter.swift; sourceTree = "<group>"; };
		55D5D2962C87B7B300588436 /* RMEpisode.swift */ = {isa = PBXFileReference; lastKnownFileType = sourcecode.swift; path = RMEpisode.swift; sourceTree = "<group>"; };
		55D5D2992C87B87B00588436 /* RMCharacterViewController.swift */ = {isa = PBXFileReference; lastKnownFileType = sourcecode.swift; path = RMCharacterViewController.swift; sourceTree = "<group>"; };
		55D5D29C2C87B8B500588436 /* RMLocationViewController.swift */ = {isa = PBXFileReference; lastKnownFileType = sourcecode.swift; path = RMLocationViewController.swift; sourceTree = "<group>"; };
		55D5D29E2C87B8CC00588436 /* RMEpisodeViewController.swift */ = {isa = PBXFileReference; lastKnownFileType = sourcecode.swift; path = RMEpisodeViewController.swift; sourceTree = "<group>"; };
		55D5D2A12C88F69E00588436 /* RMSettingsViewController.swift */ = {isa = PBXFileReference; lastKnownFileType = sourcecode.swift; path = RMSettingsViewController.swift; sourceTree = "<group>"; };
		55FDEE0F2CA1C27D00CA8C86 /* RMService.swift */ = {isa = PBXFileReference; lastKnownFileType = sourcecode.swift; path = RMService.swift; sourceTree = "<group>"; };
		55FDEE112CA1C2A200CA8C86 /* RMRequest.swift */ = {isa = PBXFileReference; lastKnownFileType = sourcecode.swift; path = RMRequest.swift; sourceTree = "<group>"; };
		55FDEE132CA1C3B000CA8C86 /* EMEndpoint.swift */ = {isa = PBXFileReference; lastKnownFileType = sourcecode.swift; path = EMEndpoint.swift; sourceTree = "<group>"; };
/* End PBXFileReference section */

/* Begin PBXFrameworksBuildPhase section */
		55D5D2712C87B36A00588436 /* Frameworks */ = {
			isa = PBXFrameworksBuildPhase;
			buildActionMask = 2147483647;
			files = (
			);
			runOnlyForDeploymentPostprocessing = 0;
		};
/* End PBXFrameworksBuildPhase section */

/* Begin PBXGroup section */
		55D5D26B2C87B36A00588436 = {
			isa = PBXGroup;
			children = (
				55D5D2762C87B36A00588436 /* RickAndMorty */,
				55D5D2752C87B36A00588436 /* Products */,
			);
			sourceTree = "<group>";
		};
		55D5D2752C87B36A00588436 /* Products */ = {
			isa = PBXGroup;
			children = (
				55D5D2742C87B36A00588436 /* RickAndMorty.app */,
			);
			name = Products;
			sourceTree = "<group>";
		};
		55D5D2762C87B36A00588436 /* RickAndMorty */ = {
			isa = PBXGroup;
			children = (
				55D5D2852C87B36B00588436 /* Info.plist */,
				55D5D2912C87B67A00588436 /* Resources */,
				55D5D2902C87B66A00588436 /* Managers */,
				55D5D28E2C87B65000588436 /* APIClient */,
				55D5D28D2C87B64600588436 /* Views */,
				55D5D28C2C87B63A00588436 /* Models */,
				55D5D28B2C87B62200588436 /* Controllers */,
			);
			path = RickAndMorty;
			sourceTree = "<group>";
		};
		55D5D28B2C87B62200588436 /* Controllers */ = {
			isa = PBXGroup;
			children = (
				55D5D2982C87B82F00588436 /*  Core */,
			);
			path = Controllers;
			sourceTree = "<group>";
		};
		55D5D28C2C87B63A00588436 /* Models */ = {
			isa = PBXGroup;
			children = (
				55D5D2922C87B78300588436 /* RMLocation.swift */,
				55D5D2942C87B79800588436 /* RMCharacter.swift */,
				55D5D2962C87B7B300588436 /* RMEpisode.swift */,
			);
			path = Models;
			sourceTree = "<group>";
		};
		55D5D28D2C87B64600588436 /* Views */ = {
			isa = PBXGroup;
			children = (
			);
			path = Views;
			sourceTree = "<group>";
		};
		55D5D28E2C87B65000588436 /* APIClient */ = {
			isa = PBXGroup;
			children = (
				55FDEE0F2CA1C27D00CA8C86 /* RMService.swift */,
				55FDEE112CA1C2A200CA8C86 /* RMRequest.swift */,
				55FDEE132CA1C3B000CA8C86 /* EMEndpoint.swift */,
			);
			path = APIClient;
			sourceTree = "<group>";
		};
		55D5D2902C87B66A00588436 /* Managers */ = {
			isa = PBXGroup;
			children = (
			);
			path = Managers;
			sourceTree = "<group>";
		};
		55D5D2912C87B67A00588436 /* Resources */ = {
			isa = PBXGroup;
			children = (
				55D5D2772C87B36A00588436 /* AppDelegate.swift */,
				55D5D2792C87B36A00588436 /* SceneDelegate.swift */,
				55D5D2822C87B36B00588436 /* LaunchScreen.storyboard */,
				55D5D2802C87B36B00588436 /* Assets.xcassets */,
			);
			path = Resources;
			sourceTree = "<group>";
		};
		55D5D2982C87B82F00588436 /*  Core */ = {
			isa = PBXGroup;
			children = (
				55D5D27B2C87B36A00588436 /* RMTabBarController.swift */,
				55D5D2992C87B87B00588436 /* RMCharacterViewController.swift */,
				55D5D29C2C87B8B500588436 /* RMLocationViewController.swift */,
				55D5D29E2C87B8CC00588436 /* RMEpisodeViewController.swift */,
				55D5D2A12C88F69E00588436 /* RMSettingsViewController.swift */,
			);
			path = " Core";
			sourceTree = "<group>";
		};
/* End PBXGroup section */

/* Begin PBXNativeTarget section */
		55D5D2732C87B36A00588436 /* RickAndMorty */ = {
			isa = PBXNativeTarget;
			buildConfigurationList = 55D5D2882C87B36B00588436 /* Build configuration list for PBXNativeTarget "RickAndMorty" */;
			buildPhases = (
				55D5D2702C87B36A00588436 /* Sources */,
				55D5D2712C87B36A00588436 /* Frameworks */,
				55D5D2722C87B36A00588436 /* Resources */,
			);
			buildRules = (
			);
			dependencies = (
			);
			name = RickAndMorty;
			productName = RickAndMorty;
			productReference = 55D5D2742C87B36A00588436 /* RickAndMorty.app */;
			productType = "com.apple.product-type.application";
		};
/* End PBXNativeTarget section */

/* Begin PBXProject section */
		55D5D26C2C87B36A00588436 /* Project object */ = {
			isa = PBXProject;
			attributes = {
				BuildIndependentTargetsInParallel = 1;
				LastSwiftUpdateCheck = 1540;
				LastUpgradeCheck = 1540;
				TargetAttributes = {
					55D5D2732C87B36A00588436 = {
						CreatedOnToolsVersion = 15.4;
					};
				};
			};
			buildConfigurationList = 55D5D26F2C87B36A00588436 /* Build configuration list for PBXProject "RickAndMorty" */;
			compatibilityVersion = "Xcode 14.0";
			developmentRegion = en;
			hasScannedForEncodings = 0;
			knownRegions = (
				en,
				Base,
			);
			mainGroup = 55D5D26B2C87B36A00588436;
			productRefGroup = 55D5D2752C87B36A00588436 /* Products */;
			projectDirPath = "";
			projectRoot = "";
			targets = (
				55D5D2732C87B36A00588436 /* RickAndMorty */,
			);
		};
/* End PBXProject section */

/* Begin PBXResourcesBuildPhase section */
		55D5D2722C87B36A00588436 /* Resources */ = {
			isa = PBXResourcesBuildPhase;
			buildActionMask = 2147483647;
			files = (
				55D5D2812C87B36B00588436 /* Assets.xcassets in Resources */,
				55D5D2842C87B36B00588436 /* Base in Resources */,
			);
			runOnlyForDeploymentPostprocessing = 0;
		};
/* End PBXResourcesBuildPhase section */

/* Begin PBXSourcesBuildPhase section */
		55D5D2702C87B36A00588436 /* Sources */ = {
			isa = PBXSourcesBuildPhase;
			buildActionMask = 2147483647;
			files = (
				55D5D29D2C87B8B500588436 /* RMLocationViewController.swift in Sources */,
				55D5D2972C87B7B300588436 /* RMEpisode.swift in Sources */,
				55D5D27C2C87B36A00588436 /* RMTabBarController.swift in Sources */,
				55D5D29F2C87B8CC00588436 /* RMEpisodeViewController.swift in Sources */,
				55D5D2782C87B36A00588436 /* AppDelegate.swift in Sources */,
				55D5D27A2C87B36A00588436 /* SceneDelegate.swift in Sources */,
				55FDEE142CA1C3B000CA8C86 /* EMEndpoint.swift in Sources */,
				55D5D2A22C88F69E00588436 /* RMSettingsViewController.swift in Sources */,
				55FDEE102CA1C27D00CA8C86 /* RMService.swift in Sources */,
				55D5D2932C87B78300588436 /* RMLocation.swift in Sources */,
				55D5D2952C87B79800588436 /* RMCharacter.swift in Sources */,
				55FDEE122CA1C2A200CA8C86 /* RMRequest.swift in Sources */,
				55D5D29A2C87B87B00588436 /* RMCharacterViewController.swift in Sources */,
			);
			runOnlyForDeploymentPostprocessing = 0;
		};
/* End PBXSourcesBuildPhase section */

/* Begin PBXVariantGroup section */
		55D5D2822C87B36B00588436 /* LaunchScreen.storyboard */ = {
			isa = PBXVariantGroup;
			children = (
				55D5D2832C87B36B00588436 /* Base */,
			);
			name = LaunchScreen.storyboard;
			sourceTree = "<group>";
		};
/* End PBXVariantGroup section */

/* Begin XCBuildConfiguration section */
		55D5D2862C87B36B00588436 /* Debug */ = {
			isa = XCBuildConfiguration;
			buildSettings = {
				ALWAYS_SEARCH_USER_PATHS = NO;
				ASSETCATALOG_COMPILER_GENERATE_SWIFT_ASSET_SYMBOL_EXTENSIONS = YES;
				CLANG_ANALYZER_NONNULL = YES;
				CLANG_ANALYZER_NUMBER_OBJECT_CONVERSION = YES_AGGRESSIVE;
				CLANG_CXX_LANGUAGE_STANDARD = "gnu++20";
				CLANG_ENABLE_MODULES = YES;
				CLANG_ENABLE_OBJC_ARC = YES;
				CLANG_ENABLE_OBJC_WEAK = YES;
				CLANG_WARN_BLOCK_CAPTURE_AUTORELEASING = YES;
				CLANG_WARN_BOOL_CONVERSION = YES;
				CLANG_WARN_COMMA = YES;
				CLANG_WARN_CONSTANT_CONVERSION = YES;
				CLANG_WARN_DEPRECATED_OBJC_IMPLEMENTATIONS = YES;
				CLANG_WARN_DIRECT_OBJC_ISA_USAGE = YES_ERROR;
				CLANG_WARN_DOCUMENTATION_COMMENTS = YES;
				CLANG_WARN_EMPTY_BODY = YES;
				CLANG_WARN_ENUM_CONVERSION = YES;
				CLANG_WARN_INFINITE_RECURSION = YES;
				CLANG_WARN_INT_CONVERSION = YES;
				CLANG_WARN_NON_LITERAL_NULL_CONVERSION = YES;
				CLANG_WARN_OBJC_IMPLICIT_RETAIN_SELF = YES;
				CLANG_WARN_OBJC_LITERAL_CONVERSION = YES;
				CLANG_WARN_OBJC_ROOT_CLASS = YES_ERROR;
				CLANG_WARN_QUOTED_INCLUDE_IN_FRAMEWORK_HEADER = YES;
				CLANG_WARN_RANGE_LOOP_ANALYSIS = YES;
				CLANG_WARN_STRICT_PROTOTYPES = YES;
				CLANG_WARN_SUSPICIOUS_MOVE = YES;
				CLANG_WARN_UNGUARDED_AVAILABILITY = YES_AGGRESSIVE;
				CLANG_WARN_UNREACHABLE_CODE = YES;
				CLANG_WARN__DUPLICATE_METHOD_MATCH = YES;
				COPY_PHASE_STRIP = NO;
				DEBUG_INFORMATION_FORMAT = dwarf;
				ENABLE_STRICT_OBJC_MSGSEND = YES;
				ENABLE_TESTABILITY = YES;
				ENABLE_USER_SCRIPT_SANDBOXING = YES;
				GCC_C_LANGUAGE_STANDARD = gnu17;
				GCC_DYNAMIC_NO_PIC = NO;
				GCC_NO_COMMON_BLOCKS = YES;
				GCC_OPTIMIZATION_LEVEL = 0;
				GCC_PREPROCESSOR_DEFINITIONS = (
					"DEBUG=1",
					"$(inherited)",
				);
				GCC_WARN_64_TO_32_BIT_CONVERSION = YES;
				GCC_WARN_ABOUT_RETURN_TYPE = YES_ERROR;
				GCC_WARN_UNDECLARED_SELECTOR = YES;
				GCC_WARN_UNINITIALIZED_AUTOS = YES_AGGRESSIVE;
				GCC_WARN_UNUSED_FUNCTION = YES;
				GCC_WARN_UNUSED_VARIABLE = YES;
				IPHONEOS_DEPLOYMENT_TARGET = 17.5;
				LOCALIZATION_PREFERS_STRING_CATALOGS = YES;
				MTL_ENABLE_DEBUG_INFO = INCLUDE_SOURCE;
				MTL_FAST_MATH = YES;
				ONLY_ACTIVE_ARCH = YES;
				SDKROOT = iphoneos;
				SWIFT_ACTIVE_COMPILATION_CONDITIONS = "DEBUG $(inherited)";
				SWIFT_OPTIMIZATION_LEVEL = "-Onone";
			};
			name = Debug;
		};
		55D5D2872C87B36B00588436 /* Release */ = {
			isa = XCBuildConfiguration;
			buildSettings = {
				ALWAYS_SEARCH_USER_PATHS = NO;
				ASSETCATALOG_COMPILER_GENERATE_SWIFT_ASSET_SYMBOL_EXTENSIONS = YES;
				CLANG_ANALYZER_NONNULL = YES;
				CLANG_ANALYZER_NUMBER_OBJECT_CONVERSION = YES_AGGRESSIVE;
				CLANG_CXX_LANGUAGE_STANDARD = "gnu++20";
				CLANG_ENABLE_MODULES = YES;
				CLANG_ENABLE_OBJC_ARC = YES;
				CLANG_ENABLE_OBJC_WEAK = YES;
				CLANG_WARN_BLOCK_CAPTURE_AUTORELEASING = YES;
				CLANG_WARN_BOOL_CONVERSION = YES;
				CLANG_WARN_COMMA = YES;
				CLANG_WARN_CONSTANT_CONVERSION = YES;
				CLANG_WARN_DEPRECATED_OBJC_IMPLEMENTATIONS = YES;
				CLANG_WARN_DIRECT_OBJC_ISA_USAGE = YES_ERROR;
				CLANG_WARN_DOCUMENTATION_COMMENTS = YES;
				CLANG_WARN_EMPTY_BODY = YES;
				CLANG_WARN_ENUM_CONVERSION = YES;
				CLANG_WARN_INFINITE_RECURSION = YES;
				CLANG_WARN_INT_CONVERSION = YES;
				CLANG_WARN_NON_LITERAL_NULL_CONVERSION = YES;
				CLANG_WARN_OBJC_IMPLICIT_RETAIN_SELF = YES;
				CLANG_WARN_OBJC_LITERAL_CONVERSION = YES;
				CLANG_WARN_OBJC_ROOT_CLASS = YES_ERROR;
				CLANG_WARN_QUOTED_INCLUDE_IN_FRAMEWORK_HEADER = YES;
				CLANG_WARN_RANGE_LOOP_ANALYSIS = YES;
				CLANG_WARN_STRICT_PROTOTYPES = YES;
				CLANG_WARN_SUSPICIOUS_MOVE = YES;
				CLANG_WARN_UNGUARDED_AVAILABILITY = YES_AGGRESSIVE;
				CLANG_WARN_UNREACHABLE_CODE = YES;
				CLANG_WARN__DUPLICATE_METHOD_MATCH = YES;
				COPY_PHASE_STRIP = NO;
				DEBUG_INFORMATION_FORMAT = "dwarf-with-dsym";
				ENABLE_NS_ASSERTIONS = NO;
				ENABLE_STRICT_OBJC_MSGSEND = YES;
				ENABLE_USER_SCRIPT_SANDBOXING = YES;
				GCC_C_LANGUAGE_STANDARD = gnu17;
				GCC_NO_COMMON_BLOCKS = YES;
				GCC_WARN_64_TO_32_BIT_CONVERSION = YES;
				GCC_WARN_ABOUT_RETURN_TYPE = YES_ERROR;
				GCC_WARN_UNDECLARED_SELECTOR = YES;
				GCC_WARN_UNINITIALIZED_AUTOS = YES_AGGRESSIVE;
				GCC_WARN_UNUSED_FUNCTION = YES;
				GCC_WARN_UNUSED_VARIABLE = YES;
				IPHONEOS_DEPLOYMENT_TARGET = 17.5;
				LOCALIZATION_PREFERS_STRING_CATALOGS = YES;
				MTL_ENABLE_DEBUG_INFO = NO;
				MTL_FAST_MATH = YES;
				SDKROOT = iphoneos;
				SWIFT_COMPILATION_MODE = wholemodule;
				VALIDATE_PRODUCT = YES;
			};
			name = Release;
		};
		55D5D2892C87B36B00588436 /* Debug */ = {
			isa = XCBuildConfiguration;
			buildSettings = {
				ASSETCATALOG_COMPILER_APPICON_NAME = AppIcon;
				ASSETCATALOG_COMPILER_GLOBAL_ACCENT_COLOR_NAME = AccentColor;
				CODE_SIGN_STYLE = Automatic;
				CURRENT_PROJECT_VERSION = 1;
				DEVELOPMENT_TEAM = LFQ2QX4TP4;
				GENERATE_INFOPLIST_FILE = YES;
				INFOPLIST_FILE = RickAndMorty/Info.plist;
				INFOPLIST_KEY_UIApplicationSupportsIndirectInputEvents = YES;
				INFOPLIST_KEY_UILaunchStoryboardName = LaunchScreen;
				INFOPLIST_KEY_UISupportedInterfaceOrientations_iPad = "UIInterfaceOrientationPortrait UIInterfaceOrientationPortraitUpsideDown UIInterfaceOrientationLandscapeLeft UIInterfaceOrientationLandscapeRight";
				INFOPLIST_KEY_UISupportedInterfaceOrientations_iPhone = "UIInterfaceOrientationPortrait UIInterfaceOrientationLandscapeLeft UIInterfaceOrientationLandscapeRight";
				LD_RUNPATH_SEARCH_PATHS = (
					"$(inherited)",
					"@executable_path/Frameworks",
				);
				MARKETING_VERSION = 1.0;
				PRODUCT_BUNDLE_IDENTIFIER = Justin.RickAndMorty;
				PRODUCT_NAME = "$(TARGET_NAME)";
				SWIFT_EMIT_LOC_STRINGS = YES;
				SWIFT_VERSION = 5.0;
				TARGETED_DEVICE_FAMILY = "1,2";
			};
			name = Debug;
		};
		55D5D28A2C87B36B00588436 /* Release */ = {
			isa = XCBuildConfiguration;
			buildSettings = {
				ASSETCATALOG_COMPILER_APPICON_NAME = AppIcon;
				ASSETCATALOG_COMPILER_GLOBAL_ACCENT_COLOR_NAME = AccentColor;
				CODE_SIGN_STYLE = Automatic;
				CURRENT_PROJECT_VERSION = 1;
				DEVELOPMENT_TEAM = LFQ2QX4TP4;
				GENERATE_INFOPLIST_FILE = YES;
				INFOPLIST_FILE = RickAndMorty/Info.plist;
				INFOPLIST_KEY_UIApplicationSupportsIndirectInputEvents = YES;
				INFOPLIST_KEY_UILaunchStoryboardName = LaunchScreen;
				INFOPLIST_KEY_UISupportedInterfaceOrientations_iPad = "UIInterfaceOrientationPortrait UIInterfaceOrientationPortraitUpsideDown UIInterfaceOrientationLandscapeLeft UIInterfaceOrientationLandscapeRight";
				INFOPLIST_KEY_UISupportedInterfaceOrientations_iPhone = "UIInterfaceOrientationPortrait UIInterfaceOrientationLandscapeLeft UIInterfaceOrientationLandscapeRight";
				LD_RUNPATH_SEARCH_PATHS = (
					"$(inherited)",
					"@executable_path/Frameworks",
				);
				MARKETING_VERSION = 1.0;
				PRODUCT_BUNDLE_IDENTIFIER = Justin.RickAndMorty;
				PRODUCT_NAME = "$(TARGET_NAME)";
				SWIFT_EMIT_LOC_STRINGS = YES;
				SWIFT_VERSION = 5.0;
				TARGETED_DEVICE_FAMILY = "1,2";
			};
			name = Release;
		};
/* End XCBuildConfiguration section */

/* Begin XCConfigurationList section */
		55D5D26F2C87B36A00588436 /* Build configuration list for PBXProject "RickAndMorty" */ = {
			isa = XCConfigurationList;
			buildConfigurations = (
				55D5D2862C87B36B00588436 /* Debug */,
				55D5D2872C87B36B00588436 /* Release */,
			);
			defaultConfigurationIsVisible = 0;
			defaultConfigurationName = Release;
		};
		55D5D2882C87B36B00588436 /* Build configuration list for PBXNativeTarget "RickAndMorty" */ = {
			isa = XCConfigurationList;
			buildConfigurations = (
				55D5D2892C87B36B00588436 /* Debug */,
				55D5D28A2C87B36B00588436 /* Release */,
			);
			defaultConfigurationIsVisible = 0;
			defaultConfigurationName = Release;
		};
/* End XCConfigurationList section */
	};
	rootObject = 55D5D26C2C87B36A00588436 /* Project object */;
}
